{
  "version": 4,
  "terraform_version": "1.5.0",
  "serial": 26,
  "lineage": "ab4fd762-d479-17b8-f2bd-bd2770082a4b",
  "outputs": {
    "terraform-first-repo-url": {
      "value": "https://github.com/iam-narasimhasai/first-repo-from-terraform",
      "type": "string"
    }
  },
  "resources": [
    {
      "mode": "managed",
      "type": "github_repository",
      "name": "example",
      "provider": "provider[\"registry.terraform.io/hashicorp/github\"]",
      "instances": [
        {
          "schema_version": 1,
          "attributes": {
            "allow_auto_merge": false,
            "allow_merge_commit": true,
            "allow_rebase_merge": true,
            "allow_squash_merge": true,
            "allow_update_branch": false,
            "archive_on_destroy": null,
            "archived": false,
            "auto_init": true,
            "default_branch": "main",
            "delete_branch_on_merge": false,
            "description": "test repo by sai",
            "etag": "W/\"5c5beb6a5574fd6037471cbed4ee38f37b6032515d9f166ad915c1ef02980cbf\"",
            "full_name": "iam-narasimhasai/first-repo-from-terraform",
            "git_clone_url": "git://github.com/iam-narasimhasai/first-repo-from-terraform.git",
            "gitignore_template": null,
            "has_discussions": false,
            "has_downloads": false,
            "has_issues": false,
            "has_projects": false,
            "has_wiki": false,
            "homepage_url": "",
            "html_url": "https://github.com/iam-narasimhasai/first-repo-from-terraform",
            "http_clone_url": "https://github.com/iam-narasimhasai/first-repo-from-terraform.git",
            "id": "first-repo-from-terraform",
            "ignore_vulnerability_alerts_during_read": null,
            "is_template": false,
            "license_template": null,
            "merge_commit_message": "PR_TITLE",
            "merge_commit_title": "MERGE_MESSAGE",
            "name": "first-repo-from-terraform",
            "node_id": "R_kgDOKnbijw",
            "pages": [],
            "primary_language": "",
            "private": false,
            "repo_id": 712434319,
            "security_and_analysis": [
              {
                "advanced_security": [],
                "secret_scanning": [
                  {
                    "status": "disabled"
                  }
                ],
                "secret_scanning_push_protection": [
                  {
                    "status": "disabled"
                  }
                ]
              }
            ],
            "squash_merge_commit_message": "COMMIT_MESSAGES",
            "squash_merge_commit_title": "COMMIT_OR_PR_TITLE",
            "ssh_clone_url": "git@github.com:iam-narasimhasai/first-repo-from-terraform.git",
            "svn_url": "https://github.com/iam-narasimhasai/first-repo-from-terraform",
            "template": [],
            "topics": [],
            "visibility": "public",
            "vulnerability_alerts": false
          },
          "sensitive_attributes": [],
          "private": "eyJzY2hlbWFfdmVyc2lvbiI6IjEifQ=="
        }
      ]
    }
  ],
  "check_results": null
}
