{
  "version": 4,
  "terraform_version": "1.5.0",
  "serial": 13,
  "lineage": "4836e371-88e7-442e-42a6-56ac15c12175",
  "outputs": {
    "keyname": {
      "value": "ssh-key",
      "type": "string"
    },
    "userdata": {
      "value": "#!/bin/bash\r\nsudo su\r\nyum -y update\r\nyum install httpd -y\r\nsystemctl start httpd\r\nsystemctl enable httpd\r\necho \"\u003ch1\u003eInstalled httpd server thru terraform\u003c/h1\u003e\" \u003e /var/www/html/index.html",
      "type": "string"
    }
  },
  "resources": [
    {
      "mode": "managed",
      "type": "aws_instance",
      "name": "web",
      "provider": "provider[\"registry.terraform.io/hashicorp/aws\"]",
      "instances": [
        {
          "schema_version": 1,
          "attributes": {
            "ami": "ami-05c0f5389589545b7",
            "arn": "arn:aws:ec2:ap-south-1:554191409749:instance/i-05a877be15f03e084",
            "associate_public_ip_address": true,
            "availability_zone": "ap-south-1a",
            "capacity_reservation_specification": [
              {
                "capacity_reservation_preference": "open",
                "capacity_reservation_target": []
              }
            ],
            "cpu_core_count": 1,
            "cpu_options": [
              {
                "amd_sev_snp": "",
                "core_count": 1,
                "threads_per_core": 1
              }
            ],
            "cpu_threads_per_core": 1,
            "credit_specification": [
              {
                "cpu_credits": "standard"
              }
            ],
            "disable_api_stop": false,
            "disable_api_termination": false,
            "ebs_block_device": [],
            "ebs_optimized": false,
            "enclave_options": [
              {
                "enabled": false
              }
            ],
            "ephemeral_block_device": [],
            "get_password_data": false,
            "hibernation": false,
            "host_id": "",
            "host_resource_group_arn": null,
            "iam_instance_profile": "",
            "id": "i-05a877be15f03e084",
            "instance_initiated_shutdown_behavior": "stop",
            "instance_lifecycle": "",
            "instance_market_options": [],
            "instance_state": "running",
            "instance_type": "t2.micro",
            "ipv6_address_count": 0,
            "ipv6_addresses": [],
            "key_name": "ssh-key",
            "launch_template": [],
            "maintenance_options": [
              {
                "auto_recovery": "default"
              }
            ],
            "metadata_options": [
              {
                "http_endpoint": "enabled",
                "http_protocol_ipv6": "disabled",
                "http_put_response_hop_limit": 2,
                "http_tokens": "required",
                "instance_metadata_tags": "disabled"
              }
            ],
            "monitoring": false,
            "network_interface": [],
            "outpost_arn": "",
            "password_data": "",
            "placement_group": "",
            "placement_partition_number": 0,
            "primary_network_interface_id": "eni-0b45a2d5dfdf2c0fc",
            "private_dns": "ip-172-31-42-29.ap-south-1.compute.internal",
            "private_dns_name_options": [
              {
                "enable_resource_name_dns_a_record": false,
                "enable_resource_name_dns_aaaa_record": false,
                "hostname_type": "ip-name"
              }
            ],
            "private_ip": "172.31.42.29",
            "public_dns": "ec2-65-1-2-121.ap-south-1.compute.amazonaws.com",
            "public_ip": "65.1.2.121",
            "root_block_device": [
              {
                "delete_on_termination": true,
                "device_name": "/dev/xvda",
                "encrypted": false,
                "iops": 3000,
                "kms_key_id": "",
                "tags": {},
                "throughput": 125,
                "volume_id": "vol-0715a0303f1128ffb",
                "volume_size": 8,
                "volume_type": "gp3"
              }
            ],
            "secondary_private_ips": [],
            "security_groups": [
              "default"
            ],
            "source_dest_check": true,
            "spot_instance_request_id": "",
            "subnet_id": "subnet-8943b8e2",
            "tags": {
              "Name": "instance from terraform"
            },
            "tags_all": {
              "Name": "instance from terraform"
            },
            "tenancy": "default",
            "timeouts": null,
            "user_data": "1fb3945190c1db2762abf5be8dae9be0fdc00c3f",
            "user_data_base64": null,
            "user_data_replace_on_change": false,
            "volume_tags": null,
            "vpc_security_group_ids": [
              "sg-ad8f77dc"
            ]
          },
          "sensitive_attributes": [],
          "private": "eyJlMmJmYjczMC1lY2FhLTExZTYtOGY4OC0zNDM2M2JjN2M0YzAiOnsiY3JlYXRlIjo2MDAwMDAwMDAwMDAsImRlbGV0ZSI6MTIwMDAwMDAwMDAwMCwidXBkYXRlIjo2MDAwMDAwMDAwMDB9LCJzY2hlbWFfdmVyc2lvbiI6IjEifQ==",
          "dependencies": [
            "aws_key_pair.key-tf"
          ]
        }
      ]
    },
    {
      "mode": "managed",
      "type": "aws_key_pair",
      "name": "key-tf",
      "provider": "provider[\"registry.terraform.io/hashicorp/aws\"]",
      "instances": [
        {
          "schema_version": 1,
          "attributes": {
            "arn": "arn:aws:ec2:ap-south-1:554191409749:key-pair/ssh-key",
            "fingerprint": "e5:36:c7:9e:da:57:bb:c9:88:43:7d:0b:9d:4e:6f:c5",
            "id": "ssh-key",
            "key_name": "ssh-key",
            "key_name_prefix": "",
            "key_pair_id": "key-0f53389fa04dc92e1",
            "key_type": "rsa",
            "public_key": "ssh-rsa AAAAB3NzaC1yc2EAAAADAQABAAABgQCboiKCfchptdxtYk4cOqXj4gVvVH0l2XbFhw7Fdx4TBkbGVW4LZRap7IgN+RQpyOTWsv1wVrEjBU0M9RHmx+hx8ZqPsKqCDHcHCL0hqy9bhE7opYwU1uXgXFYosfzqXxxiM9k04uxehsuqxBwfytF8VBpprwJnDgDiA2aeYU5LVKHLZ1s1Rgxr8uknm2lWNH3tS1uDO299cX/3ONijTMRriZefUZVDx5tmhrUCLSXZUnOeoDZNOsPwNA4rmgMcqLj6nDgHa9aWsMTTRUhk3oDTX4DKgf3C//jvP/6o27QchYcm41o4KPngbsoCayiZL6jrnKZQrVSdebrHBZD19Yd/B2Gzw107ar4ZckKB8Dl6fb2Y4YxPRRIBbWChuG8duF2BsSuqMes7QYa1HRp8j2dSC5oxpywu0Gzo+GD8xa3ABnI8HgmT1Wolb/4NGqFM8WIWm+KkcDZeqtqFuS9hFTbwLWrbF9mJGsXFOi2Wv92+UPy6yMg4371/F/2piWKWFpk= naras@Sai",
            "tags": null,
            "tags_all": {}
          },
          "sensitive_attributes": [],
          "private": "eyJzY2hlbWFfdmVyc2lvbiI6IjEifQ=="
        }
      ]
    }
  ],
  "check_results": null
}
